
Microsoft Visual Studio Solution File, Format Version 12.00
# Visual Studio Version 17
VisualStudioVersion = 17.11.35327.3
MinimumVisualStudioVersion = 10.0.40219.1
Project("{9A19103F-16F7-4668-BE54-9A1E7A4F7556}") = "CW AND DZ 08_11 Parameters", "CW 08_11 Transactions, Parameters\CW AND DZ 08_11 Parameters.csproj", "{1E1F6B02-32D3-44E4-9C9A-CE38665F54A4}"
EndProject
Project("{9A19103F-16F7-4668-BE54-9A1E7A4F7556}") = "CW Dapper 11.11", "Dapper\CW Dapper 11.11.csproj", "{6F849E52-7968-4ACB-8453-406989DB8E35}"
EndProject
Project("{9A19103F-16F7-4668-BE54-9A1E7A4F7556}") = "Cafe.Models", "Cafe.Models\Cafe.Models.csproj", "{D10E5EB7-572F-435F-BE8C-879A0D69D0B4}"
EndProject
Project("{9A19103F-16F7-4668-BE54-9A1E7A4F7556}") = "Previous DZ, but with using Dapper", "Previous DZ, but with using Dapper\Previous DZ, but with using Dapper.csproj", "{F279B1DA-224B-4F36-9E06-0399B01B37E2}"
EndProject
Project("{9A19103F-16F7-4668-BE54-9A1E7A4F7556}") = "CW 13.11 EF Core", "CW 13.11 EF Core\CW 13.11 EF Core.csproj", "{198FFC20-9FC7-4717-B974-ED91945C8579}"
EndProject
Project("{9A19103F-16F7-4668-BE54-9A1E7A4F7556}") = "Previous DZ, but with using EF Core", "Previous DZ, but with using EF Core\Previous DZ, but with using EF Core.csproj", "{C38285D0-00F6-4E68-801F-B670B83BF539}"
EndProject
Project("{9A19103F-16F7-4668-BE54-9A1E7A4F7556}") = "EFCoreMigrationDemo", "EFCoreMigrationDemo\EFCoreMigrationDemo.csproj", "{30A6D2C8-EBB9-42D2-98AB-B29035CB115E}"
EndProject
Project("{9A19103F-16F7-4668-BE54-9A1E7A4F7556}") = "EFCoreMigrationDemoPostgresql", "EFCoreMigrationDemoPostgresql\EFCoreMigrationDemoPostgresql.csproj", "{1BA12499-B3ED-4D9E-9533-E4DAA090DACA}"
EndProject
Project("{9A19103F-16F7-4668-BE54-9A1E7A4F7556}") = "Migration SQLite 15.11", "Migration SQLite 15.11\Migration SQLite 15.11.csproj", "{B7F460AD-DBBA-46D3-B64F-B263B2C1C5D8}"
EndProject
Project("{9A19103F-16F7-4668-BE54-9A1E7A4F7556}") = "Migration PostgreSQL 15.11", "Migration PostgreSQL 15.11\Migration PostgreSQL 15.11.csproj", "{9AE2A7A7-E888-4986-AF8F-DC223C6A5DC1}"
EndProject
Project("{9A19103F-16F7-4668-BE54-9A1E7A4F7556}") = "Login to the program (Admin, User)", "Login to the program (Admin, User)\Login to the program (Admin, User).csproj", "{6CE98E17-D671-413A-8A41-6721224CB2FE}"
EndProject
Project("{9A19103F-16F7-4668-BE54-9A1E7A4F7556}") = "Cafe.Data", "Cafe.Data\Cafe.Data.csproj", "{B731C94B-E803-4AE3-AE23-A7F2ED63EFE9}"
EndProject
Project("{9A19103F-16F7-4668-BE54-9A1E7A4F7556}") = "Cafe.Data.MSSQL", "Cafe.Data.MSSQL\Cafe.Data.MSSQL.csproj", "{BA459B90-706A-4B9F-95DF-8C7FFD4F1145}"
EndProject
Project("{9A19103F-16F7-4668-BE54-9A1E7A4F7556}") = "Cafe.Data.SQLite", "Cafe.Data.SQLite\Cafe.Data.SQLite.csproj", "{832E3240-BDFC-459B-9932-1F9C93968C74}"
EndProject
Project("{9A19103F-16F7-4668-BE54-9A1E7A4F7556}") = "Cafe", "Cafe\Cafe.csproj", "{9413FA0D-A8E7-4476-B156-2DF0C28A7845}"
EndProject
Project("{9A19103F-16F7-4668-BE54-9A1E7A4F7556}") = "SchoolDiary.Models", "SchoolDiary.Models\SchoolDiary.Models.csproj", "{590615F1-461E-43C0-87EC-C90667FC3ED7}"
EndProject
Project("{9A19103F-16F7-4668-BE54-9A1E7A4F7556}") = "SchoolDiary", "SchoolDiary\SchoolDiary.csproj", "{19B7A2A7-2CDE-4AA2-9720-38A193580888}"
EndProject
Project("{2150E333-8FDC-42A3-9474-1A3956D46DE8}") = "SystemProg", "SystemProg", "{BE3BDAF2-2562-4FF5-961B-C59DD3D67660}"
EndProject
Project("{9A19103F-16F7-4668-BE54-9A1E7A4F7556}") = "ProcessDemo", "ProcessDemo\ProcessDemo.csproj", "{81DE19D1-70C4-4201-A752-C204E5503454}"
EndProject
Project("{9A19103F-16F7-4668-BE54-9A1E7A4F7556}") = "ProcessDemoCalc", "ProcessDemoCalc\ProcessDemoCalc.csproj", "{E69C83D1-5B4C-4CE7-A9F9-8857D0FF7ED7}"
EndProject
Project("{9A19103F-16F7-4668-BE54-9A1E7A4F7556}") = "ThreadDemo+Practice", "ThreadDemo\ThreadDemo+Practice.csproj", "{73E20C70-4824-48D6-9720-5F8883D603FC}"
EndProject
Project("{9A19103F-16F7-4668-BE54-9A1E7A4F7556}") = "MatrixLib", "MatrixLib\MatrixLib.csproj", "{7FCFC6A0-A3F5-4489-ABED-EC0D5F012D10}"
EndProject
Project("{911E67C6-3D85-4FCE-B560-20A9C3E3FF48}") = "MyArchiveFolder", "..\..\MyArchiveFolder\bin\Debug\net8.0\MyArchiveFolder.exe", "{7A7D8D6C-CE16-4AFC-83A5-0C22ABC9C052}"
	ProjectSection(DebuggerProjectSystem) = preProject
		PortSupplier = 00000000-0000-0000-0000-000000000000
		Executable = C:\Users\Danylo\MyArchiveFolder\bin\Debug\net8.0\MyArchiveFolder.exe
		RemoteMachine = DANYLO-PC
		StartingDirectory = C:\Users\Danylo\MyArchiveFolder\bin\Debug\net8.0
		Environment = Default
		LaunchingEngine = 00000000-0000-0000-0000-000000000000
		UseLegacyDebugEngines = No
		LaunchSQLEngine = No
		AttachLaunchAction = No
		IORedirection = Auto
	EndProjectSection
EndProject
Project("{9A19103F-16F7-4668-BE54-9A1E7A4F7556}") = "MyCustomArchiveToTar", "MyCustomArchiveToTar\MyCustomArchiveToTar.csproj", "{484B90E4-0180-4DA8-BAAD-0A03EDE59B81}"
EndProject
Project("{9A19103F-16F7-4668-BE54-9A1E7A4F7556}") = "WPFThreadDemo", "WPFThreadDemo\WPFThreadDemo.csproj", "{AC159E59-787E-45E9-A58B-6B76E50ABD76}"
EndProject
Project("{9A19103F-16F7-4668-BE54-9A1E7A4F7556}") = "TaskDemo+Practice(Matrixs)", "TaskDemo+Practice(Matrixs)\TaskDemo+Practice(Matrixs).csproj", "{AC803BB9-1882-4BA1-85EE-6A880929EBA9}"
EndProject
Project("{9A19103F-16F7-4668-BE54-9A1E7A4F7556}") = "MutexDemo", "MutexDemo\MutexDemo.csproj", "{71D7FEF8-FFB1-4F78-9A06-47161A4417D4}"
EndProject
Project("{9A19103F-16F7-4668-BE54-9A1E7A4F7556}") = "SemaphoreDemo", "SemaphoreDemo\SemaphoreDemo.csproj", "{E0CE53A0-A694-485E-80A9-7C227D407438}"
EndProject
Project("{FAE04EC0-301F-11D3-BF4B-00C04F79EFBC}") = "System_Programming_Exam", "System_Programming_Exam\System_Programming_Exam.csproj", "{5F7D3FFC-2C33-4112-AB00-8242282A3968}"
EndProject
Global
	GlobalSection(SolutionConfigurationPlatforms) = preSolution
		Debug|Any CPU = Debug|Any CPU
		Debug|x64 = Debug|x64
		Debug|x86 = Debug|x86
		Release|Any CPU = Release|Any CPU
		Release|x64 = Release|x64
		Release|x86 = Release|x86
	EndGlobalSection
	GlobalSection(ProjectConfigurationPlatforms) = postSolution
		{1E1F6B02-32D3-44E4-9C9A-CE38665F54A4}.Debug|Any CPU.ActiveCfg = Debug|Any CPU
		{1E1F6B02-32D3-44E4-9C9A-CE38665F54A4}.Debug|Any CPU.Build.0 = Debug|Any CPU
		{1E1F6B02-32D3-44E4-9C9A-CE38665F54A4}.Debug|x64.ActiveCfg = Debug|Any CPU
		{1E1F6B02-32D3-44E4-9C9A-CE38665F54A4}.Debug|x64.Build.0 = Debug|Any CPU
		{1E1F6B02-32D3-44E4-9C9A-CE38665F54A4}.Debug|x86.ActiveCfg = Debug|Any CPU
		{1E1F6B02-32D3-44E4-9C9A-CE38665F54A4}.Debug|x86.Build.0 = Debug|Any CPU
		{1E1F6B02-32D3-44E4-9C9A-CE38665F54A4}.Release|Any CPU.ActiveCfg = Release|Any CPU
		{1E1F6B02-32D3-44E4-9C9A-CE38665F54A4}.Release|Any CPU.Build.0 = Release|Any CPU
		{1E1F6B02-32D3-44E4-9C9A-CE38665F54A4}.Release|x64.ActiveCfg = Release|Any CPU
		{1E1F6B02-32D3-44E4-9C9A-CE38665F54A4}.Release|x64.Build.0 = Release|Any CPU
		{1E1F6B02-32D3-44E4-9C9A-CE38665F54A4}.Release|x86.ActiveCfg = Release|Any CPU
		{1E1F6B02-32D3-44E4-9C9A-CE38665F54A4}.Release|x86.Build.0 = Release|Any CPU
		{6F849E52-7968-4ACB-8453-406989DB8E35}.Debug|Any CPU.ActiveCfg = Debug|Any CPU
		{6F849E52-7968-4ACB-8453-406989DB8E35}.Debug|Any CPU.Build.0 = Debug|Any CPU
		{6F849E52-7968-4ACB-8453-406989DB8E35}.Debug|x64.ActiveCfg = Debug|Any CPU
		{6F849E52-7968-4ACB-8453-406989DB8E35}.Debug|x64.Build.0 = Debug|Any CPU
		{6F849E52-7968-4ACB-8453-406989DB8E35}.Debug|x86.ActiveCfg = Debug|Any CPU
		{6F849E52-7968-4ACB-8453-406989DB8E35}.Debug|x86.Build.0 = Debug|Any CPU
		{6F849E52-7968-4ACB-8453-406989DB8E35}.Release|Any CPU.ActiveCfg = Release|Any CPU
		{6F849E52-7968-4ACB-8453-406989DB8E35}.Release|Any CPU.Build.0 = Release|Any CPU
		{6F849E52-7968-4ACB-8453-406989DB8E35}.Release|x64.ActiveCfg = Release|Any CPU
		{6F849E52-7968-4ACB-8453-406989DB8E35}.Release|x64.Build.0 = Release|Any CPU
		{6F849E52-7968-4ACB-8453-406989DB8E35}.Release|x86.ActiveCfg = Release|Any CPU
		{6F849E52-7968-4ACB-8453-406989DB8E35}.Release|x86.Build.0 = Release|Any CPU
		{D10E5EB7-572F-435F-BE8C-879A0D69D0B4}.Debug|Any CPU.ActiveCfg = Debug|Any CPU
		{D10E5EB7-572F-435F-BE8C-879A0D69D0B4}.Debug|Any CPU.Build.0 = Debug|Any CPU
		{D10E5EB7-572F-435F-BE8C-879A0D69D0B4}.Debug|x64.ActiveCfg = Debug|Any CPU
		{D10E5EB7-572F-435F-BE8C-879A0D69D0B4}.Debug|x64.Build.0 = Debug|Any CPU
		{D10E5EB7-572F-435F-BE8C-879A0D69D0B4}.Debug|x86.ActiveCfg = Debug|Any CPU
		{D10E5EB7-572F-435F-BE8C-879A0D69D0B4}.Debug|x86.Build.0 = Debug|Any CPU
		{D10E5EB7-572F-435F-BE8C-879A0D69D0B4}.Release|Any CPU.ActiveCfg = Release|Any CPU
		{D10E5EB7-572F-435F-BE8C-879A0D69D0B4}.Release|Any CPU.Build.0 = Release|Any CPU
		{D10E5EB7-572F-435F-BE8C-879A0D69D0B4}.Release|x64.ActiveCfg = Release|Any CPU
		{D10E5EB7-572F-435F-BE8C-879A0D69D0B4}.Release|x64.Build.0 = Release|Any CPU
		{D10E5EB7-572F-435F-BE8C-879A0D69D0B4}.Release|x86.ActiveCfg = Release|Any CPU
		{D10E5EB7-572F-435F-BE8C-879A0D69D0B4}.Release|x86.Build.0 = Release|Any CPU
		{F279B1DA-224B-4F36-9E06-0399B01B37E2}.Debug|Any CPU.ActiveCfg = Debug|Any CPU
		{F279B1DA-224B-4F36-9E06-0399B01B37E2}.Debug|Any CPU.Build.0 = Debug|Any CPU
		{F279B1DA-224B-4F36-9E06-0399B01B37E2}.Debug|x64.ActiveCfg = Debug|Any CPU
		{F279B1DA-224B-4F36-9E06-0399B01B37E2}.Debug|x64.Build.0 = Debug|Any CPU
		{F279B1DA-224B-4F36-9E06-0399B01B37E2}.Debug|x86.ActiveCfg = Debug|Any CPU
		{F279B1DA-224B-4F36-9E06-0399B01B37E2}.Debug|x86.Build.0 = Debug|Any CPU
		{F279B1DA-224B-4F36-9E06-0399B01B37E2}.Release|Any CPU.ActiveCfg = Release|Any CPU
		{F279B1DA-224B-4F36-9E06-0399B01B37E2}.Release|Any CPU.Build.0 = Release|Any CPU
		{F279B1DA-224B-4F36-9E06-0399B01B37E2}.Release|x64.ActiveCfg = Release|Any CPU
		{F279B1DA-224B-4F36-9E06-0399B01B37E2}.Release|x64.Build.0 = Release|Any CPU
		{F279B1DA-224B-4F36-9E06-0399B01B37E2}.Release|x86.ActiveCfg = Release|Any CPU
		{F279B1DA-224B-4F36-9E06-0399B01B37E2}.Release|x86.Build.0 = Release|Any CPU
		{198FFC20-9FC7-4717-B974-ED91945C8579}.Debug|Any CPU.ActiveCfg = Debug|Any CPU
		{198FFC20-9FC7-4717-B974-ED91945C8579}.Debug|Any CPU.Build.0 = Debug|Any CPU
		{198FFC20-9FC7-4717-B974-ED91945C8579}.Debug|x64.ActiveCfg = Debug|Any CPU
		{198FFC20-9FC7-4717-B974-ED91945C8579}.Debug|x64.Build.0 = Debug|Any CPU
		{198FFC20-9FC7-4717-B974-ED91945C8579}.Debug|x86.ActiveCfg = Debug|Any CPU
		{198FFC20-9FC7-4717-B974-ED91945C8579}.Debug|x86.Build.0 = Debug|Any CPU
		{198FFC20-9FC7-4717-B974-ED91945C8579}.Release|Any CPU.ActiveCfg = Release|Any CPU
		{198FFC20-9FC7-4717-B974-ED91945C8579}.Release|Any CPU.Build.0 = Release|Any CPU
		{198FFC20-9FC7-4717-B974-ED91945C8579}.Release|x64.ActiveCfg = Release|Any CPU
		{198FFC20-9FC7-4717-B974-ED91945C8579}.Release|x64.Build.0 = Release|Any CPU
		{198FFC20-9FC7-4717-B974-ED91945C8579}.Release|x86.ActiveCfg = Release|Any CPU
		{198FFC20-9FC7-4717-B974-ED91945C8579}.Release|x86.Build.0 = Release|Any CPU
		{C38285D0-00F6-4E68-801F-B670B83BF539}.Debug|Any CPU.ActiveCfg = Debug|Any CPU
		{C38285D0-00F6-4E68-801F-B670B83BF539}.Debug|Any CPU.Build.0 = Debug|Any CPU
		{C38285D0-00F6-4E68-801F-B670B83BF539}.Debug|x64.ActiveCfg = Debug|Any CPU
		{C38285D0-00F6-4E68-801F-B670B83BF539}.Debug|x64.Build.0 = Debug|Any CPU
		{C38285D0-00F6-4E68-801F-B670B83BF539}.Debug|x86.ActiveCfg = Debug|Any CPU
		{C38285D0-00F6-4E68-801F-B670B83BF539}.Debug|x86.Build.0 = Debug|Any CPU
		{C38285D0-00F6-4E68-801F-B670B83BF539}.Release|Any CPU.ActiveCfg = Release|Any CPU
		{C38285D0-00F6-4E68-801F-B670B83BF539}.Release|Any CPU.Build.0 = Release|Any CPU
		{C38285D0-00F6-4E68-801F-B670B83BF539}.Release|x64.ActiveCfg = Release|Any CPU
		{C38285D0-00F6-4E68-801F-B670B83BF539}.Release|x64.Build.0 = Release|Any CPU
		{C38285D0-00F6-4E68-801F-B670B83BF539}.Release|x86.ActiveCfg = Release|Any CPU
		{C38285D0-00F6-4E68-801F-B670B83BF539}.Release|x86.Build.0 = Release|Any CPU
		{30A6D2C8-EBB9-42D2-98AB-B29035CB115E}.Debug|Any CPU.ActiveCfg = Debug|Any CPU
		{30A6D2C8-EBB9-42D2-98AB-B29035CB115E}.Debug|Any CPU.Build.0 = Debug|Any CPU
		{30A6D2C8-EBB9-42D2-98AB-B29035CB115E}.Debug|x64.ActiveCfg = Debug|Any CPU
		{30A6D2C8-EBB9-42D2-98AB-B29035CB115E}.Debug|x64.Build.0 = Debug|Any CPU
		{30A6D2C8-EBB9-42D2-98AB-B29035CB115E}.Debug|x86.ActiveCfg = Debug|Any CPU
		{30A6D2C8-EBB9-42D2-98AB-B29035CB115E}.Debug|x86.Build.0 = Debug|Any CPU
		{30A6D2C8-EBB9-42D2-98AB-B29035CB115E}.Release|Any CPU.ActiveCfg = Release|Any CPU
		{30A6D2C8-EBB9-42D2-98AB-B29035CB115E}.Release|Any CPU.Build.0 = Release|Any CPU
		{30A6D2C8-EBB9-42D2-98AB-B29035CB115E}.Release|x64.ActiveCfg = Release|Any CPU
		{30A6D2C8-EBB9-42D2-98AB-B29035CB115E}.Release|x64.Build.0 = Release|Any CPU
		{30A6D2C8-EBB9-42D2-98AB-B29035CB115E}.Release|x86.ActiveCfg = Release|Any CPU
		{30A6D2C8-EBB9-42D2-98AB-B29035CB115E}.Release|x86.Build.0 = Release|Any CPU
		{1BA12499-B3ED-4D9E-9533-E4DAA090DACA}.Debug|Any CPU.ActiveCfg = Debug|Any CPU
		{1BA12499-B3ED-4D9E-9533-E4DAA090DACA}.Debug|Any CPU.Build.0 = Debug|Any CPU
		{1BA12499-B3ED-4D9E-9533-E4DAA090DACA}.Debug|x64.ActiveCfg = Debug|Any CPU
		{1BA12499-B3ED-4D9E-9533-E4DAA090DACA}.Debug|x64.Build.0 = Debug|Any CPU
		{1BA12499-B3ED-4D9E-9533-E4DAA090DACA}.Debug|x86.ActiveCfg = Debug|Any CPU
		{1BA12499-B3ED-4D9E-9533-E4DAA090DACA}.Debug|x86.Build.0 = Debug|Any CPU
		{1BA12499-B3ED-4D9E-9533-E4DAA090DACA}.Release|Any CPU.ActiveCfg = Release|Any CPU
		{1BA12499-B3ED-4D9E-9533-E4DAA090DACA}.Release|Any CPU.Build.0 = Release|Any CPU
		{1BA12499-B3ED-4D9E-9533-E4DAA090DACA}.Release|x64.ActiveCfg = Release|Any CPU
		{1BA12499-B3ED-4D9E-9533-E4DAA090DACA}.Release|x64.Build.0 = Release|Any CPU
		{1BA12499-B3ED-4D9E-9533-E4DAA090DACA}.Release|x86.ActiveCfg = Release|Any CPU
		{1BA12499-B3ED-4D9E-9533-E4DAA090DACA}.Release|x86.Build.0 = Release|Any CPU
		{B7F460AD-DBBA-46D3-B64F-B263B2C1C5D8}.Debug|Any CPU.ActiveCfg = Debug|Any CPU
		{B7F460AD-DBBA-46D3-B64F-B263B2C1C5D8}.Debug|Any CPU.Build.0 = Debug|Any CPU
		{B7F460AD-DBBA-46D3-B64F-B263B2C1C5D8}.Debug|x64.ActiveCfg = Debug|Any CPU
		{B7F460AD-DBBA-46D3-B64F-B263B2C1C5D8}.Debug|x64.Build.0 = Debug|Any CPU
		{B7F460AD-DBBA-46D3-B64F-B263B2C1C5D8}.Debug|x86.ActiveCfg = Debug|Any CPU
		{B7F460AD-DBBA-46D3-B64F-B263B2C1C5D8}.Debug|x86.Build.0 = Debug|Any CPU
		{B7F460AD-DBBA-46D3-B64F-B263B2C1C5D8}.Release|Any CPU.ActiveCfg = Release|Any CPU
		{B7F460AD-DBBA-46D3-B64F-B263B2C1C5D8}.Release|Any CPU.Build.0 = Release|Any CPU
		{B7F460AD-DBBA-46D3-B64F-B263B2C1C5D8}.Release|x64.ActiveCfg = Release|Any CPU
		{B7F460AD-DBBA-46D3-B64F-B263B2C1C5D8}.Release|x64.Build.0 = Release|Any CPU
		{B7F460AD-DBBA-46D3-B64F-B263B2C1C5D8}.Release|x86.ActiveCfg = Release|Any CPU
		{B7F460AD-DBBA-46D3-B64F-B263B2C1C5D8}.Release|x86.Build.0 = Release|Any CPU
		{9AE2A7A7-E888-4986-AF8F-DC223C6A5DC1}.Debug|Any CPU.ActiveCfg = Debug|Any CPU
		{9AE2A7A7-E888-4986-AF8F-DC223C6A5DC1}.Debug|Any CPU.Build.0 = Debug|Any CPU
		{9AE2A7A7-E888-4986-AF8F-DC223C6A5DC1}.Debug|x64.ActiveCfg = Debug|Any CPU
		{9AE2A7A7-E888-4986-AF8F-DC223C6A5DC1}.Debug|x64.Build.0 = Debug|Any CPU
		{9AE2A7A7-E888-4986-AF8F-DC223C6A5DC1}.Debug|x86.ActiveCfg = Debug|Any CPU
		{9AE2A7A7-E888-4986-AF8F-DC223C6A5DC1}.Debug|x86.Build.0 = Debug|Any CPU
		{9AE2A7A7-E888-4986-AF8F-DC223C6A5DC1}.Release|Any CPU.ActiveCfg = Release|Any CPU
		{9AE2A7A7-E888-4986-AF8F-DC223C6A5DC1}.Release|Any CPU.Build.0 = Release|Any CPU
		{9AE2A7A7-E888-4986-AF8F-DC223C6A5DC1}.Release|x64.ActiveCfg = Release|Any CPU
		{9AE2A7A7-E888-4986-AF8F-DC223C6A5DC1}.Release|x64.Build.0 = Release|Any CPU
		{9AE2A7A7-E888-4986-AF8F-DC223C6A5DC1}.Release|x86.ActiveCfg = Release|Any CPU
		{9AE2A7A7-E888-4986-AF8F-DC223C6A5DC1}.Release|x86.Build.0 = Release|Any CPU
		{6CE98E17-D671-413A-8A41-6721224CB2FE}.Debug|Any CPU.ActiveCfg = Debug|Any CPU
		{6CE98E17-D671-413A-8A41-6721224CB2FE}.Debug|Any CPU.Build.0 = Debug|Any CPU
		{6CE98E17-D671-413A-8A41-6721224CB2FE}.Debug|x64.ActiveCfg = Debug|Any CPU
		{6CE98E17-D671-413A-8A41-6721224CB2FE}.Debug|x64.Build.0 = Debug|Any CPU
		{6CE98E17-D671-413A-8A41-6721224CB2FE}.Debug|x86.ActiveCfg = Debug|Any CPU
		{6CE98E17-D671-413A-8A41-6721224CB2FE}.Debug|x86.Build.0 = Debug|Any CPU
		{6CE98E17-D671-413A-8A41-6721224CB2FE}.Release|Any CPU.ActiveCfg = Release|Any CPU
		{6CE98E17-D671-413A-8A41-6721224CB2FE}.Release|Any CPU.Build.0 = Release|Any CPU
		{6CE98E17-D671-413A-8A41-6721224CB2FE}.Release|x64.ActiveCfg = Release|Any CPU
		{6CE98E17-D671-413A-8A41-6721224CB2FE}.Release|x64.Build.0 = Release|Any CPU
		{6CE98E17-D671-413A-8A41-6721224CB2FE}.Release|x86.ActiveCfg = Release|Any CPU
		{6CE98E17-D671-413A-8A41-6721224CB2FE}.Release|x86.Build.0 = Release|Any CPU
		{B731C94B-E803-4AE3-AE23-A7F2ED63EFE9}.Debug|Any CPU.ActiveCfg = Debug|Any CPU
		{B731C94B-E803-4AE3-AE23-A7F2ED63EFE9}.Debug|Any CPU.Build.0 = Debug|Any CPU
		{B731C94B-E803-4AE3-AE23-A7F2ED63EFE9}.Debug|x64.ActiveCfg = Debug|Any CPU
		{B731C94B-E803-4AE3-AE23-A7F2ED63EFE9}.Debug|x64.Build.0 = Debug|Any CPU
		{B731C94B-E803-4AE3-AE23-A7F2ED63EFE9}.Debug|x86.ActiveCfg = Debug|Any CPU
		{B731C94B-E803-4AE3-AE23-A7F2ED63EFE9}.Debug|x86.Build.0 = Debug|Any CPU
		{B731C94B-E803-4AE3-AE23-A7F2ED63EFE9}.Release|Any CPU.ActiveCfg = Release|Any CPU
		{B731C94B-E803-4AE3-AE23-A7F2ED63EFE9}.Release|Any CPU.Build.0 = Release|Any CPU
		{B731C94B-E803-4AE3-AE23-A7F2ED63EFE9}.Release|x64.ActiveCfg = Release|Any CPU
		{B731C94B-E803-4AE3-AE23-A7F2ED63EFE9}.Release|x64.Build.0 = Release|Any CPU
		{B731C94B-E803-4AE3-AE23-A7F2ED63EFE9}.Release|x86.ActiveCfg = Release|Any CPU
		{B731C94B-E803-4AE3-AE23-A7F2ED63EFE9}.Release|x86.Build.0 = Release|Any CPU
		{BA459B90-706A-4B9F-95DF-8C7FFD4F1145}.Debug|Any CPU.ActiveCfg = Debug|Any CPU
		{BA459B90-706A-4B9F-95DF-8C7FFD4F1145}.Debug|Any CPU.Build.0 = Debug|Any CPU
		{BA459B90-706A-4B9F-95DF-8C7FFD4F1145}.Debug|x64.ActiveCfg = Debug|Any CPU
		{BA459B90-706A-4B9F-95DF-8C7FFD4F1145}.Debug|x64.Build.0 = Debug|Any CPU
		{BA459B90-706A-4B9F-95DF-8C7FFD4F1145}.Debug|x86.ActiveCfg = Debug|Any CPU
		{BA459B90-706A-4B9F-95DF-8C7FFD4F1145}.Debug|x86.Build.0 = Debug|Any CPU
		{BA459B90-706A-4B9F-95DF-8C7FFD4F1145}.Release|Any CPU.ActiveCfg = Release|Any CPU
		{BA459B90-706A-4B9F-95DF-8C7FFD4F1145}.Release|Any CPU.Build.0 = Release|Any CPU
		{BA459B90-706A-4B9F-95DF-8C7FFD4F1145}.Release|x64.ActiveCfg = Release|Any CPU
		{BA459B90-706A-4B9F-95DF-8C7FFD4F1145}.Release|x64.Build.0 = Release|Any CPU
		{BA459B90-706A-4B9F-95DF-8C7FFD4F1145}.Release|x86.ActiveCfg = Release|Any CPU
		{BA459B90-706A-4B9F-95DF-8C7FFD4F1145}.Release|x86.Build.0 = Release|Any CPU
		{832E3240-BDFC-459B-9932-1F9C93968C74}.Debug|Any CPU.ActiveCfg = Debug|Any CPU
		{832E3240-BDFC-459B-9932-1F9C93968C74}.Debug|Any CPU.Build.0 = Debug|Any CPU
		{832E3240-BDFC-459B-9932-1F9C93968C74}.Debug|x64.ActiveCfg = Debug|Any CPU
		{832E3240-BDFC-459B-9932-1F9C93968C74}.Debug|x64.Build.0 = Debug|Any CPU
		{832E3240-BDFC-459B-9932-1F9C93968C74}.Debug|x86.ActiveCfg = Debug|Any CPU
		{832E3240-BDFC-459B-9932-1F9C93968C74}.Debug|x86.Build.0 = Debug|Any CPU
		{832E3240-BDFC-459B-9932-1F9C93968C74}.Release|Any CPU.ActiveCfg = Release|Any CPU
		{832E3240-BDFC-459B-9932-1F9C93968C74}.Release|Any CPU.Build.0 = Release|Any CPU
		{832E3240-BDFC-459B-9932-1F9C93968C74}.Release|x64.ActiveCfg = Release|Any CPU
		{832E3240-BDFC-459B-9932-1F9C93968C74}.Release|x64.Build.0 = Release|Any CPU
		{832E3240-BDFC-459B-9932-1F9C93968C74}.Release|x86.ActiveCfg = Release|Any CPU
		{832E3240-BDFC-459B-9932-1F9C93968C74}.Release|x86.Build.0 = Release|Any CPU
		{9413FA0D-A8E7-4476-B156-2DF0C28A7845}.Debug|Any CPU.ActiveCfg = Debug|Any CPU
		{9413FA0D-A8E7-4476-B156-2DF0C28A7845}.Debug|Any CPU.Build.0 = Debug|Any CPU
		{9413FA0D-A8E7-4476-B156-2DF0C28A7845}.Debug|x64.ActiveCfg = Debug|Any CPU
		{9413FA0D-A8E7-4476-B156-2DF0C28A7845}.Debug|x64.Build.0 = Debug|Any CPU
		{9413FA0D-A8E7-4476-B156-2DF0C28A7845}.Debug|x86.ActiveCfg = Debug|Any CPU
		{9413FA0D-A8E7-4476-B156-2DF0C28A7845}.Debug|x86.Build.0 = Debug|Any CPU
		{9413FA0D-A8E7-4476-B156-2DF0C28A7845}.Release|Any CPU.ActiveCfg = Release|Any CPU
		{9413FA0D-A8E7-4476-B156-2DF0C28A7845}.Release|Any CPU.Build.0 = Release|Any CPU
		{9413FA0D-A8E7-4476-B156-2DF0C28A7845}.Release|x64.ActiveCfg = Release|Any CPU
		{9413FA0D-A8E7-4476-B156-2DF0C28A7845}.Release|x64.Build.0 = Release|Any CPU
		{9413FA0D-A8E7-4476-B156-2DF0C28A7845}.Release|x86.ActiveCfg = Release|Any CPU
		{9413FA0D-A8E7-4476-B156-2DF0C28A7845}.Release|x86.Build.0 = Release|Any CPU
		{590615F1-461E-43C0-87EC-C90667FC3ED7}.Debug|Any CPU.ActiveCfg = Debug|Any CPU
		{590615F1-461E-43C0-87EC-C90667FC3ED7}.Debug|Any CPU.Build.0 = Debug|Any CPU
		{590615F1-461E-43C0-87EC-C90667FC3ED7}.Debug|x64.ActiveCfg = Debug|Any CPU
		{590615F1-461E-43C0-87EC-C90667FC3ED7}.Debug|x64.Build.0 = Debug|Any CPU
		{590615F1-461E-43C0-87EC-C90667FC3ED7}.Debug|x86.ActiveCfg = Debug|Any CPU
		{590615F1-461E-43C0-87EC-C90667FC3ED7}.Debug|x86.Build.0 = Debug|Any CPU
		{590615F1-461E-43C0-87EC-C90667FC3ED7}.Release|Any CPU.ActiveCfg = Release|Any CPU
		{590615F1-461E-43C0-87EC-C90667FC3ED7}.Release|Any CPU.Build.0 = Release|Any CPU
		{590615F1-461E-43C0-87EC-C90667FC3ED7}.Release|x64.ActiveCfg = Release|Any CPU
		{590615F1-461E-43C0-87EC-C90667FC3ED7}.Release|x64.Build.0 = Release|Any CPU
		{590615F1-461E-43C0-87EC-C90667FC3ED7}.Release|x86.ActiveCfg = Release|Any CPU
		{590615F1-461E-43C0-87EC-C90667FC3ED7}.Release|x86.Build.0 = Release|Any CPU
		{19B7A2A7-2CDE-4AA2-9720-38A193580888}.Debug|Any CPU.ActiveCfg = Debug|Any CPU
		{19B7A2A7-2CDE-4AA2-9720-38A193580888}.Debug|Any CPU.Build.0 = Debug|Any CPU
		{19B7A2A7-2CDE-4AA2-9720-38A193580888}.Debug|x64.ActiveCfg = Debug|Any CPU
		{19B7A2A7-2CDE-4AA2-9720-38A193580888}.Debug|x64.Build.0 = Debug|Any CPU
		{19B7A2A7-2CDE-4AA2-9720-38A193580888}.Debug|x86.ActiveCfg = Debug|Any CPU
		{19B7A2A7-2CDE-4AA2-9720-38A193580888}.Debug|x86.Build.0 = Debug|Any CPU
		{19B7A2A7-2CDE-4AA2-9720-38A193580888}.Release|Any CPU.ActiveCfg = Release|Any CPU
		{19B7A2A7-2CDE-4AA2-9720-38A193580888}.Release|Any CPU.Build.0 = Release|Any CPU
		{19B7A2A7-2CDE-4AA2-9720-38A193580888}.Release|x64.ActiveCfg = Release|Any CPU
		{19B7A2A7-2CDE-4AA2-9720-38A193580888}.Release|x64.Build.0 = Release|Any CPU
		{19B7A2A7-2CDE-4AA2-9720-38A193580888}.Release|x86.ActiveCfg = Release|Any CPU
		{19B7A2A7-2CDE-4AA2-9720-38A193580888}.Release|x86.Build.0 = Release|Any CPU
		{81DE19D1-70C4-4201-A752-C204E5503454}.Debug|Any CPU.ActiveCfg = Debug|Any CPU
		{81DE19D1-70C4-4201-A752-C204E5503454}.Debug|Any CPU.Build.0 = Debug|Any CPU
		{81DE19D1-70C4-4201-A752-C204E5503454}.Debug|x64.ActiveCfg = Debug|Any CPU
		{81DE19D1-70C4-4201-A752-C204E5503454}.Debug|x64.Build.0 = Debug|Any CPU
		{81DE19D1-70C4-4201-A752-C204E5503454}.Debug|x86.ActiveCfg = Debug|Any CPU
		{81DE19D1-70C4-4201-A752-C204E5503454}.Debug|x86.Build.0 = Debug|Any CPU
		{81DE19D1-70C4-4201-A752-C204E5503454}.Release|Any CPU.ActiveCfg = Release|Any CPU
		{81DE19D1-70C4-4201-A752-C204E5503454}.Release|Any CPU.Build.0 = Release|Any CPU
		{81DE19D1-70C4-4201-A752-C204E5503454}.Release|x64.ActiveCfg = Release|Any CPU
		{81DE19D1-70C4-4201-A752-C204E5503454}.Release|x64.Build.0 = Release|Any CPU
		{81DE19D1-70C4-4201-A752-C204E5503454}.Release|x86.ActiveCfg = Release|Any CPU
		{81DE19D1-70C4-4201-A752-C204E5503454}.Release|x86.Build.0 = Release|Any CPU
		{E69C83D1-5B4C-4CE7-A9F9-8857D0FF7ED7}.Debug|Any CPU.ActiveCfg = Debug|Any CPU
		{E69C83D1-5B4C-4CE7-A9F9-8857D0FF7ED7}.Debug|Any CPU.Build.0 = Debug|Any CPU
		{E69C83D1-5B4C-4CE7-A9F9-8857D0FF7ED7}.Debug|x64.ActiveCfg = Debug|Any CPU
		{E69C83D1-5B4C-4CE7-A9F9-8857D0FF7ED7}.Debug|x64.Build.0 = Debug|Any CPU
		{E69C83D1-5B4C-4CE7-A9F9-8857D0FF7ED7}.Debug|x86.ActiveCfg = Debug|Any CPU
		{E69C83D1-5B4C-4CE7-A9F9-8857D0FF7ED7}.Debug|x86.Build.0 = Debug|Any CPU
		{E69C83D1-5B4C-4CE7-A9F9-8857D0FF7ED7}.Release|Any CPU.ActiveCfg = Release|Any CPU
		{E69C83D1-5B4C-4CE7-A9F9-8857D0FF7ED7}.Release|Any CPU.Build.0 = Release|Any CPU
		{E69C83D1-5B4C-4CE7-A9F9-8857D0FF7ED7}.Release|x64.ActiveCfg = Release|Any CPU
		{E69C83D1-5B4C-4CE7-A9F9-8857D0FF7ED7}.Release|x64.Build.0 = Release|Any CPU
		{E69C83D1-5B4C-4CE7-A9F9-8857D0FF7ED7}.Release|x86.ActiveCfg = Release|Any CPU
		{E69C83D1-5B4C-4CE7-A9F9-8857D0FF7ED7}.Release|x86.Build.0 = Release|Any CPU
		{73E20C70-4824-48D6-9720-5F8883D603FC}.Debug|Any CPU.ActiveCfg = Debug|Any CPU
		{73E20C70-4824-48D6-9720-5F8883D603FC}.Debug|Any CPU.Build.0 = Debug|Any CPU
		{73E20C70-4824-48D6-9720-5F8883D603FC}.Debug|x64.ActiveCfg = Debug|Any CPU
		{73E20C70-4824-48D6-9720-5F8883D603FC}.Debug|x64.Build.0 = Debug|Any CPU
		{73E20C70-4824-48D6-9720-5F8883D603FC}.Debug|x86.ActiveCfg = Debug|Any CPU
		{73E20C70-4824-48D6-9720-5F8883D603FC}.Debug|x86.Build.0 = Debug|Any CPU
		{73E20C70-4824-48D6-9720-5F8883D603FC}.Release|Any CPU.ActiveCfg = Release|Any CPU
		{73E20C70-4824-48D6-9720-5F8883D603FC}.Release|Any CPU.Build.0 = Release|Any CPU
		{73E20C70-4824-48D6-9720-5F8883D603FC}.Release|x64.ActiveCfg = Release|Any CPU
		{73E20C70-4824-48D6-9720-5F8883D603FC}.Release|x64.Build.0 = Release|Any CPU
		{73E20C70-4824-48D6-9720-5F8883D603FC}.Release|x86.ActiveCfg = Release|Any CPU
		{73E20C70-4824-48D6-9720-5F8883D603FC}.Release|x86.Build.0 = Release|Any CPU
		{7FCFC6A0-A3F5-4489-ABED-EC0D5F012D10}.Debug|Any CPU.ActiveCfg = Debug|Any CPU
		{7FCFC6A0-A3F5-4489-ABED-EC0D5F012D10}.Debug|Any CPU.Build.0 = Debug|Any CPU
		{7FCFC6A0-A3F5-4489-ABED-EC0D5F012D10}.Debug|x64.ActiveCfg = Debug|Any CPU
		{7FCFC6A0-A3F5-4489-ABED-EC0D5F012D10}.Debug|x64.Build.0 = Debug|Any CPU
		{7FCFC6A0-A3F5-4489-ABED-EC0D5F012D10}.Debug|x86.ActiveCfg = Debug|Any CPU
		{7FCFC6A0-A3F5-4489-ABED-EC0D5F012D10}.Debug|x86.Build.0 = Debug|Any CPU
		{7FCFC6A0-A3F5-4489-ABED-EC0D5F012D10}.Release|Any CPU.ActiveCfg = Release|Any CPU
		{7FCFC6A0-A3F5-4489-ABED-EC0D5F012D10}.Release|Any CPU.Build.0 = Release|Any CPU
		{7FCFC6A0-A3F5-4489-ABED-EC0D5F012D10}.Release|x64.ActiveCfg = Release|Any CPU
		{7FCFC6A0-A3F5-4489-ABED-EC0D5F012D10}.Release|x64.Build.0 = Release|Any CPU
		{7FCFC6A0-A3F5-4489-ABED-EC0D5F012D10}.Release|x86.ActiveCfg = Release|Any CPU
		{7FCFC6A0-A3F5-4489-ABED-EC0D5F012D10}.Release|x86.Build.0 = Release|Any CPU
		{7A7D8D6C-CE16-4AFC-83A5-0C22ABC9C052}.Debug|Any CPU.ActiveCfg = Release|x64
		{7A7D8D6C-CE16-4AFC-83A5-0C22ABC9C052}.Debug|x64.ActiveCfg = Release|x64
		{7A7D8D6C-CE16-4AFC-83A5-0C22ABC9C052}.Debug|x86.ActiveCfg = Release|x64
		{7A7D8D6C-CE16-4AFC-83A5-0C22ABC9C052}.Release|Any CPU.ActiveCfg = Release|x64
		{7A7D8D6C-CE16-4AFC-83A5-0C22ABC9C052}.Release|x64.ActiveCfg = Release|x64
		{7A7D8D6C-CE16-4AFC-83A5-0C22ABC9C052}.Release|x86.ActiveCfg = Release|x64
		{484B90E4-0180-4DA8-BAAD-0A03EDE59B81}.Debug|Any CPU.ActiveCfg = Debug|Any CPU
		{484B90E4-0180-4DA8-BAAD-0A03EDE59B81}.Debug|Any CPU.Build.0 = Debug|Any CPU
		{484B90E4-0180-4DA8-BAAD-0A03EDE59B81}.Debug|x64.ActiveCfg = Debug|Any CPU
		{484B90E4-0180-4DA8-BAAD-0A03EDE59B81}.Debug|x64.Build.0 = Debug|Any CPU
		{484B90E4-0180-4DA8-BAAD-0A03EDE59B81}.Debug|x86.ActiveCfg = Debug|Any CPU
		{484B90E4-0180-4DA8-BAAD-0A03EDE59B81}.Debug|x86.Build.0 = Debug|Any CPU
		{484B90E4-0180-4DA8-BAAD-0A03EDE59B81}.Release|Any CPU.ActiveCfg = Release|Any CPU
		{484B90E4-0180-4DA8-BAAD-0A03EDE59B81}.Release|Any CPU.Build.0 = Release|Any CPU
		{484B90E4-0180-4DA8-BAAD-0A03EDE59B81}.Release|x64.ActiveCfg = Release|Any CPU
		{484B90E4-0180-4DA8-BAAD-0A03EDE59B81}.Release|x64.Build.0 = Release|Any CPU
		{484B90E4-0180-4DA8-BAAD-0A03EDE59B81}.Release|x86.ActiveCfg = Release|Any CPU
		{484B90E4-0180-4DA8-BAAD-0A03EDE59B81}.Release|x86.Build.0 = Release|Any CPU
		{AC159E59-787E-45E9-A58B-6B76E50ABD76}.Debug|Any CPU.ActiveCfg = Debug|Any CPU
		{AC159E59-787E-45E9-A58B-6B76E50ABD76}.Debug|Any CPU.Build.0 = Debug|Any CPU
		{AC159E59-787E-45E9-A58B-6B76E50ABD76}.Debug|x64.ActiveCfg = Debug|Any CPU
		{AC159E59-787E-45E9-A58B-6B76E50ABD76}.Debug|x64.Build.0 = Debug|Any CPU
		{AC159E59-787E-45E9-A58B-6B76E50ABD76}.Debug|x86.ActiveCfg = Debug|Any CPU
		{AC159E59-787E-45E9-A58B-6B76E50ABD76}.Debug|x86.Build.0 = Debug|Any CPU
		{AC159E59-787E-45E9-A58B-6B76E50ABD76}.Release|Any CPU.ActiveCfg = Release|Any CPU
		{AC159E59-787E-45E9-A58B-6B76E50ABD76}.Release|Any CPU.Build.0 = Release|Any CPU
		{AC159E59-787E-45E9-A58B-6B76E50ABD76}.Release|x64.ActiveCfg = Release|Any CPU
		{AC159E59-787E-45E9-A58B-6B76E50ABD76}.Release|x64.Build.0 = Release|Any CPU
		{AC159E59-787E-45E9-A58B-6B76E50ABD76}.Release|x86.ActiveCfg = Release|Any CPU
		{AC159E59-787E-45E9-A58B-6B76E50ABD76}.Release|x86.Build.0 = Release|Any CPU
		{AC803BB9-1882-4BA1-85EE-6A880929EBA9}.Debug|Any CPU.ActiveCfg = Debug|Any CPU
		{AC803BB9-1882-4BA1-85EE-6A880929EBA9}.Debug|Any CPU.Build.0 = Debug|Any CPU
		{AC803BB9-1882-4BA1-85EE-6A880929EBA9}.Debug|x64.ActiveCfg = Debug|Any CPU
		{AC803BB9-1882-4BA1-85EE-6A880929EBA9}.Debug|x64.Build.0 = Debug|Any CPU
		{AC803BB9-1882-4BA1-85EE-6A880929EBA9}.Debug|x86.ActiveCfg = Debug|Any CPU
		{AC803BB9-1882-4BA1-85EE-6A880929EBA9}.Debug|x86.Build.0 = Debug|Any CPU
		{AC803BB9-1882-4BA1-85EE-6A880929EBA9}.Release|Any CPU.ActiveCfg = Release|Any CPU
		{AC803BB9-1882-4BA1-85EE-6A880929EBA9}.Release|Any CPU.Build.0 = Release|Any CPU
		{AC803BB9-1882-4BA1-85EE-6A880929EBA9}.Release|x64.ActiveCfg = Release|Any CPU
		{AC803BB9-1882-4BA1-85EE-6A880929EBA9}.Release|x64.Build.0 = Release|Any CPU
		{AC803BB9-1882-4BA1-85EE-6A880929EBA9}.Release|x86.ActiveCfg = Release|Any CPU
		{AC803BB9-1882-4BA1-85EE-6A880929EBA9}.Release|x86.Build.0 = Release|Any CPU
		{71D7FEF8-FFB1-4F78-9A06-47161A4417D4}.Debug|Any CPU.ActiveCfg = Debug|Any CPU
		{71D7FEF8-FFB1-4F78-9A06-47161A4417D4}.Debug|Any CPU.Build.0 = Debug|Any CPU
		{71D7FEF8-FFB1-4F78-9A06-47161A4417D4}.Debug|x64.ActiveCfg = Debug|Any CPU
		{71D7FEF8-FFB1-4F78-9A06-47161A4417D4}.Debug|x64.Build.0 = Debug|Any CPU
		{71D7FEF8-FFB1-4F78-9A06-47161A4417D4}.Debug|x86.ActiveCfg = Debug|Any CPU
		{71D7FEF8-FFB1-4F78-9A06-47161A4417D4}.Debug|x86.Build.0 = Debug|Any CPU
		{71D7FEF8-FFB1-4F78-9A06-47161A4417D4}.Release|Any CPU.ActiveCfg = Release|Any CPU
		{71D7FEF8-FFB1-4F78-9A06-47161A4417D4}.Release|Any CPU.Build.0 = Release|Any CPU
		{71D7FEF8-FFB1-4F78-9A06-47161A4417D4}.Release|x64.ActiveCfg = Release|Any CPU
		{71D7FEF8-FFB1-4F78-9A06-47161A4417D4}.Release|x64.Build.0 = Release|Any CPU
		{71D7FEF8-FFB1-4F78-9A06-47161A4417D4}.Release|x86.ActiveCfg = Release|Any CPU
		{71D7FEF8-FFB1-4F78-9A06-47161A4417D4}.Release|x86.Build.0 = Release|Any CPU
		{E0CE53A0-A694-485E-80A9-7C227D407438}.Debug|Any CPU.ActiveCfg = Debug|Any CPU
		{E0CE53A0-A694-485E-80A9-7C227D407438}.Debug|Any CPU.Build.0 = Debug|Any CPU
		{E0CE53A0-A694-485E-80A9-7C227D407438}.Debug|x64.ActiveCfg = Debug|Any CPU
		{E0CE53A0-A694-485E-80A9-7C227D407438}.Debug|x64.Build.0 = Debug|Any CPU
		{E0CE53A0-A694-485E-80A9-7C227D407438}.Debug|x86.ActiveCfg = Debug|Any CPU
		{E0CE53A0-A694-485E-80A9-7C227D407438}.Debug|x86.Build.0 = Debug|Any CPU
		{E0CE53A0-A694-485E-80A9-7C227D407438}.Release|Any CPU.ActiveCfg = Release|Any CPU
		{E0CE53A0-A694-485E-80A9-7C227D407438}.Release|Any CPU.Build.0 = Release|Any CPU
		{E0CE53A0-A694-485E-80A9-7C227D407438}.Release|x64.ActiveCfg = Release|Any CPU
		{E0CE53A0-A694-485E-80A9-7C227D407438}.Release|x64.Build.0 = Release|Any CPU
		{E0CE53A0-A694-485E-80A9-7C227D407438}.Release|x86.ActiveCfg = Release|Any CPU
		{E0CE53A0-A694-485E-80A9-7C227D407438}.Release|x86.Build.0 = Release|Any CPU
		{5F7D3FFC-2C33-4112-AB00-8242282A3968}.Debug|Any CPU.ActiveCfg = Debug|Any CPU
		{5F7D3FFC-2C33-4112-AB00-8242282A3968}.Debug|Any CPU.Build.0 = Debug|Any CPU
		{5F7D3FFC-2C33-4112-AB00-8242282A3968}.Debug|x64.ActiveCfg = Debug|Any CPU
		{5F7D3FFC-2C33-4112-AB00-8242282A3968}.Debug|x64.Build.0 = Debug|Any CPU
		{5F7D3FFC-2C33-4112-AB00-8242282A3968}.Debug|x86.ActiveCfg = Debug|Any CPU
		{5F7D3FFC-2C33-4112-AB00-8242282A3968}.Debug|x86.Build.0 = Debug|Any CPU
		{5F7D3FFC-2C33-4112-AB00-8242282A3968}.Release|Any CPU.ActiveCfg = Release|Any CPU
		{5F7D3FFC-2C33-4112-AB00-8242282A3968}.Release|Any CPU.Build.0 = Release|Any CPU
		{5F7D3FFC-2C33-4112-AB00-8242282A3968}.Release|x64.ActiveCfg = Release|Any CPU
		{5F7D3FFC-2C33-4112-AB00-8242282A3968}.Release|x64.Build.0 = Release|Any CPU
		{5F7D3FFC-2C33-4112-AB00-8242282A3968}.Release|x86.ActiveCfg = Release|Any CPU
		{5F7D3FFC-2C33-4112-AB00-8242282A3968}.Release|x86.Build.0 = Release|Any CPU
	EndGlobalSection
	GlobalSection(SolutionProperties) = preSolution
		HideSolutionNode = FALSE
	EndGlobalSection
	GlobalSection(NestedProjects) = preSolution
		{81DE19D1-70C4-4201-A752-C204E5503454} = {BE3BDAF2-2562-4FF5-961B-C59DD3D67660}
		{E69C83D1-5B4C-4CE7-A9F9-8857D0FF7ED7} = {BE3BDAF2-2562-4FF5-961B-C59DD3D67660}
		{73E20C70-4824-48D6-9720-5F8883D603FC} = {BE3BDAF2-2562-4FF5-961B-C59DD3D67660}
		{7FCFC6A0-A3F5-4489-ABED-EC0D5F012D10} = {BE3BDAF2-2562-4FF5-961B-C59DD3D67660}
		{7A7D8D6C-CE16-4AFC-83A5-0C22ABC9C052} = {BE3BDAF2-2562-4FF5-961B-C59DD3D67660}
		{484B90E4-0180-4DA8-BAAD-0A03EDE59B81} = {BE3BDAF2-2562-4FF5-961B-C59DD3D67660}
		{AC159E59-787E-45E9-A58B-6B76E50ABD76} = {BE3BDAF2-2562-4FF5-961B-C59DD3D67660}
		{AC803BB9-1882-4BA1-85EE-6A880929EBA9} = {BE3BDAF2-2562-4FF5-961B-C59DD3D67660}
		{E0CE53A0-A694-485E-80A9-7C227D407438} = {BE3BDAF2-2562-4FF5-961B-C59DD3D67660}
		{5F7D3FFC-2C33-4112-AB00-8242282A3968} = {BE3BDAF2-2562-4FF5-961B-C59DD3D67660}
	EndGlobalSection
	GlobalSection(ExtensibilityGlobals) = postSolution
		SolutionGuid = {E4D6B3FE-3855-4F38-8ADC-8DD908DF6814}
	EndGlobalSection
EndGlobal
